
Microsoft Visual Studio Solution File, Format Version 12.00
# Visual Studio Version 16
VisualStudioVersion = 16.0.810.25
MinimumVisualStudioVersion = 10.0.40219.1
Project("{FAE04EC0-301F-11D3-BF4B-00C04F79EFBC}") = "Xamarin.AmityDroid", "Xamarin.AmityDroid\Xamarin.AmityDroid.csproj", "{44A1E48B-5980-4509-BD87-5ABBAEC76BEB}"
EndProject
Project("{FAE04EC0-301F-11D3-BF4B-00C04F79EFBC}") = "Xamarin.AmityChat", "Xamarin.AmityChat\Xamarin.AmityChat.csproj", "{57721D23-09DD-4395-AD13-C9C32190011E}"
EndProject
Project("{FAE04EC0-301F-11D3-BF4B-00C04F79EFBC}") = "Xamarin.AmitySocial", "Xamarin.AmitySocial\Xamarin.AmitySocial.csproj", "{2BFA1A2C-DEC7-4E89-9C6F-5510A6363B4F}"
EndProject
Project("{FAE04EC0-301F-11D3-BF4B-00C04F79EFBC}") = "Xamarin.AmityCommon", "Xamarin.AmityCommon\Xamarin.AmityCommon.csproj", "{4EB0CF7A-2F22-4337-9112-58F49C0E616A}"
EndProject
Project("{FAE04EC0-301F-11D3-BF4B-00C04F79EFBC}") = "Xamarin.AmitySample", "Xamarin.AmitySample\Xamarin.AmitySample.csproj", "{2B9F4C31-C4BE-46A3-A770-C8910AA56E25}"
EndProject
Project("{FAE04EC0-301F-11D3-BF4B-00C04F79EFBC}") = "Maui.AmitySample", "Maui.AmitySample\Maui.AmitySample.csproj", "{237F07C9-4CB4-499C-BE23-D36F5C8D5F27}"
EndProject
Global
	GlobalSection(SolutionConfigurationPlatforms) = preSolution
		Debug|Any CPU = Debug|Any CPU
		Release|Any CPU = Release|Any CPU
	EndGlobalSection
	GlobalSection(ProjectConfigurationPlatforms) = postSolution
		{44A1E48B-5980-4509-BD87-5ABBAEC76BEB}.Debug|Any CPU.ActiveCfg = Debug|Any CPU
		{44A1E48B-5980-4509-BD87-5ABBAEC76BEB}.Debug|Any CPU.Build.0 = Debug|Any CPU
		{44A1E48B-5980-4509-BD87-5ABBAEC76BEB}.Release|Any CPU.ActiveCfg = Release|Any CPU
		{44A1E48B-5980-4509-BD87-5ABBAEC76BEB}.Release|Any CPU.Build.0 = Release|Any CPU
		{57721D23-09DD-4395-AD13-C9C32190011E}.Debug|Any CPU.ActiveCfg = Debug|Any CPU
		{57721D23-09DD-4395-AD13-C9C32190011E}.Debug|Any CPU.Build.0 = Debug|Any CPU
		{57721D23-09DD-4395-AD13-C9C32190011E}.Release|Any CPU.ActiveCfg = Release|Any CPU
		{57721D23-09DD-4395-AD13-C9C32190011E}.Release|Any CPU.Build.0 = Release|Any CPU
		{2BFA1A2C-DEC7-4E89-9C6F-5510A6363B4F}.Debug|Any CPU.ActiveCfg = Debug|Any CPU
		{2BFA1A2C-DEC7-4E89-9C6F-5510A6363B4F}.Debug|Any CPU.Build.0 = Debug|Any CPU
		{2BFA1A2C-DEC7-4E89-9C6F-5510A6363B4F}.Release|Any CPU.ActiveCfg = Release|Any CPU
		{2BFA1A2C-DEC7-4E89-9C6F-5510A6363B4F}.Release|Any CPU.Build.0 = Release|Any CPU
		{4EB0CF7A-2F22-4337-9112-58F49C0E616A}.Debug|Any CPU.ActiveCfg = Debug|Any CPU
		{4EB0CF7A-2F22-4337-9112-58F49C0E616A}.Debug|Any CPU.Build.0 = Debug|Any CPU
		{4EB0CF7A-2F22-4337-9112-58F49C0E616A}.Release|Any CPU.ActiveCfg = Release|Any CPU
		{4EB0CF7A-2F22-4337-9112-58F49C0E616A}.Release|Any CPU.Build.0 = Release|Any CPU
		{2B9F4C31-C4BE-46A3-A770-C8910AA56E25}.Debug|Any CPU.ActiveCfg = Debug|Any CPU
		{2B9F4C31-C4BE-46A3-A770-C8910AA56E25}.Debug|Any CPU.Build.0 = Debug|Any CPU
		{2B9F4C31-C4BE-46A3-A770-C8910AA56E25}.Release|Any CPU.ActiveCfg = Release|Any CPU
		{2B9F4C31-C4BE-46A3-A770-C8910AA56E25}.Release|Any CPU.Build.0 = Release|Any CPU
		{237F07C9-4CB4-499C-BE23-D36F5C8D5F27}.Debug|Any CPU.ActiveCfg = Debug|Any CPU
		{237F07C9-4CB4-499C-BE23-D36F5C8D5F27}.Debug|Any CPU.Build.0 = Debug|Any CPU
		{237F07C9-4CB4-499C-BE23-D36F5C8D5F27}.Release|Any CPU.ActiveCfg = Release|Any CPU
		{237F07C9-4CB4-499C-BE23-D36F5C8D5F27}.Release|Any CPU.Build.0 = Release|Any CPU
	EndGlobalSection
	GlobalSection(SolutionProperties) = preSolution
		HideSolutionNode = FALSE
	EndGlobalSection
	GlobalSection(ExtensibilityGlobals) = postSolution
		SolutionGuid = {3B1E3BCF-324C-4502-9961-375EBAE52CBA}
	EndGlobalSection
EndGlobal
