
Microsoft Visual Studio Solution File, Format Version 12.00
# Visual Studio Version 16
VisualStudioVersion = 16.0.810.25
MinimumVisualStudioVersion = 10.0.40219.1
Project("{2150E333-8FDC-42A3-9474-1A3956D46DE8}") = "Xamarin", "Xamarin", "{E8101700-3FF8-4840-BB59-179BF757155B}"
EndProject
Project("{FAE04EC0-301F-11D3-BF4B-00C04F79EFBC}") = "Xam.AmityChat", "Xam.AmityChat\Xam.AmityChat.csproj", "{28B45252-D0B2-4D20-BFA4-844DE85A1F4C}"
EndProject
Project("{FAE04EC0-301F-11D3-BF4B-00C04F79EFBC}") = "Xam.AmityCommon", "Xam.AmityCommon\Xam.AmityCommon.csproj", "{F52B470E-EFBC-49BA-9F80-02BC635EE18A}"
EndProject
Project("{FAE04EC0-301F-11D3-BF4B-00C04F79EFBC}") = "Xam.AmitySocial", "Xam.AmitySocial\Xam.AmitySocial.csproj", "{1A22B239-0169-4506-BB8D-1C1637AE5A6F}"
EndProject
Project("{FAE04EC0-301F-11D3-BF4B-00C04F79EFBC}") = "Xam.AmityDroid", "Xam.AmityDroid\Xam.AmityDroid.csproj", "{A2792E30-AEC6-4071-B4D7-93BAC48271C8}"
EndProject
Project("{FAE04EC0-301F-11D3-BF4B-00C04F79EFBC}") = "XamarinAmitySample", "XamarinAmitySample\XamarinAmitySample.csproj", "{0ECB6347-66D4-4EEE-B9B7-4E4318D484E0}"
EndProject
Global
	GlobalSection(SolutionConfigurationPlatforms) = preSolution
		Debug|Any CPU = Debug|Any CPU
		Release|Any CPU = Release|Any CPU
	EndGlobalSection
	GlobalSection(ProjectConfigurationPlatforms) = postSolution
		{28B45252-D0B2-4D20-BFA4-844DE85A1F4C}.Debug|Any CPU.ActiveCfg = Debug|Any CPU
		{28B45252-D0B2-4D20-BFA4-844DE85A1F4C}.Debug|Any CPU.Build.0 = Debug|Any CPU
		{28B45252-D0B2-4D20-BFA4-844DE85A1F4C}.Release|Any CPU.ActiveCfg = Release|Any CPU
		{28B45252-D0B2-4D20-BFA4-844DE85A1F4C}.Release|Any CPU.Build.0 = Release|Any CPU
		{F52B470E-EFBC-49BA-9F80-02BC635EE18A}.Debug|Any CPU.ActiveCfg = Debug|Any CPU
		{F52B470E-EFBC-49BA-9F80-02BC635EE18A}.Debug|Any CPU.Build.0 = Debug|Any CPU
		{F52B470E-EFBC-49BA-9F80-02BC635EE18A}.Release|Any CPU.ActiveCfg = Release|Any CPU
		{F52B470E-EFBC-49BA-9F80-02BC635EE18A}.Release|Any CPU.Build.0 = Release|Any CPU
		{1A22B239-0169-4506-BB8D-1C1637AE5A6F}.Debug|Any CPU.ActiveCfg = Debug|Any CPU
		{1A22B239-0169-4506-BB8D-1C1637AE5A6F}.Debug|Any CPU.Build.0 = Debug|Any CPU
		{1A22B239-0169-4506-BB8D-1C1637AE5A6F}.Release|Any CPU.ActiveCfg = Release|Any CPU
		{1A22B239-0169-4506-BB8D-1C1637AE5A6F}.Release|Any CPU.Build.0 = Release|Any CPU
		{A2792E30-AEC6-4071-B4D7-93BAC48271C8}.Debug|Any CPU.ActiveCfg = Debug|Any CPU
		{A2792E30-AEC6-4071-B4D7-93BAC48271C8}.Debug|Any CPU.Build.0 = Debug|Any CPU
		{A2792E30-AEC6-4071-B4D7-93BAC48271C8}.Release|Any CPU.ActiveCfg = Release|Any CPU
		{A2792E30-AEC6-4071-B4D7-93BAC48271C8}.Release|Any CPU.Build.0 = Release|Any CPU
		{0ECB6347-66D4-4EEE-B9B7-4E4318D484E0}.Debug|Any CPU.ActiveCfg = Debug|Any CPU
		{0ECB6347-66D4-4EEE-B9B7-4E4318D484E0}.Debug|Any CPU.Build.0 = Debug|Any CPU
		{0ECB6347-66D4-4EEE-B9B7-4E4318D484E0}.Release|Any CPU.ActiveCfg = Release|Any CPU
		{0ECB6347-66D4-4EEE-B9B7-4E4318D484E0}.Release|Any CPU.Build.0 = Release|Any CPU
	EndGlobalSection
	GlobalSection(SolutionProperties) = preSolution
		HideSolutionNode = FALSE
	EndGlobalSection
	GlobalSection(ExtensibilityGlobals) = postSolution
		SolutionGuid = {3B1E3BCF-324C-4502-9961-375EBAE52CBA}
	EndGlobalSection
	GlobalSection(NestedProjects) = preSolution
		{28B45252-D0B2-4D20-BFA4-844DE85A1F4C} = {E8101700-3FF8-4840-BB59-179BF757155B}
		{F52B470E-EFBC-49BA-9F80-02BC635EE18A} = {E8101700-3FF8-4840-BB59-179BF757155B}
		{A2792E30-AEC6-4071-B4D7-93BAC48271C8} = {E8101700-3FF8-4840-BB59-179BF757155B}
		{1A22B239-0169-4506-BB8D-1C1637AE5A6F} = {E8101700-3FF8-4840-BB59-179BF757155B}
		{0ECB6347-66D4-4EEE-B9B7-4E4318D484E0} = {E8101700-3FF8-4840-BB59-179BF757155B}
	EndGlobalSection
EndGlobal
