
Microsoft Visual Studio Solution File, Format Version 12.00
# Visual Studio Version 16
VisualStudioVersion = 16.0.810.25
MinimumVisualStudioVersion = 10.0.40219.1
Project("{FAE04EC0-301F-11D3-BF4B-00C04F79EFBC}") = "Xamarin.AmityDroid", "Xamarin.AmityDroid\Xamarin.AmityDroid.csproj", "{44A1E48B-5980-4509-BD87-5ABBAEC76BEB}"
EndProject
Project("{FAE04EC0-301F-11D3-BF4B-00C04F79EFBC}") = "Xamarin.AmityChat", "Xamarin.AmityChat\Xamarin.AmityChat.csproj", "{57721D23-09DD-4395-AD13-C9C32190011E}"
EndProject
Project("{FAE04EC0-301F-11D3-BF4B-00C04F79EFBC}") = "Xamarin.AmitySocial", "Xamarin.AmitySocial\Xamarin.AmitySocial.csproj", "{2BFA1A2C-DEC7-4E89-9C6F-5510A6363B4F}"
EndProject
Project("{FAE04EC0-301F-11D3-BF4B-00C04F79EFBC}") = "Xamarin.AmityCommon", "Xamarin.AmityCommon\Xamarin.AmityCommon.csproj", "{9B5A806E-FE16-401F-8460-DF24C79BB120}"
EndProject
Project("{9344BDBB-3E7F-41FC-A0DD-8665D75EE146}") = "Xamarin.AmitySample", "Xamarin.AmitySample\Xamarin.AmitySample.csproj", "{248DEDD1-34E5-45AE-9C72-27F212A66E0D}"
EndProject
Project("{9344BDBB-3E7F-41FC-A0DD-8665D75EE146}") = "Maui.AmitySample", "Maui.AmitySample\Maui.AmitySample.csproj", "{76C173C7-04CD-4298-9C87-E4AB7D409569}"
EndProject
Project("{2150E333-8FDC-42A3-9474-1A3956D46DE8}") = "Xamarin", "Xamarin", "{E8101700-3FF8-4840-BB59-179BF757155B}"
EndProject
Project("{2150E333-8FDC-42A3-9474-1A3956D46DE8}") = "Maui", "Maui", "{0F6E08AF-CBAF-48A5-A492-2E906B317141}"
EndProject
Project("{FAE04EC0-301F-11D3-BF4B-00C04F79EFBC}") = "Xam.AmityChat", "Xam.AmityChat\Xam.AmityChat.csproj", "{28B45252-D0B2-4D20-BFA4-844DE85A1F4C}"
EndProject
Project("{FAE04EC0-301F-11D3-BF4B-00C04F79EFBC}") = "Xam.AmityCommon", "Xam.AmityCommon\Xam.AmityCommon.csproj", "{F52B470E-EFBC-49BA-9F80-02BC635EE18A}"
EndProject
Project("{FAE04EC0-301F-11D3-BF4B-00C04F79EFBC}") = "Xam.AmitySocial", "Xam.AmitySocial\Xam.AmitySocial.csproj", "{1A22B239-0169-4506-BB8D-1C1637AE5A6F}"
EndProject
Project("{FAE04EC0-301F-11D3-BF4B-00C04F79EFBC}") = "Xam.AmityDroid", "Xam.AmityDroid\Xam.AmityDroid.csproj", "{A2792E30-AEC6-4071-B4D7-93BAC48271C8}"
EndProject
Global
	GlobalSection(SolutionConfigurationPlatforms) = preSolution
		Debug|Any CPU = Debug|Any CPU
		Release|Any CPU = Release|Any CPU
	EndGlobalSection
	GlobalSection(ProjectConfigurationPlatforms) = postSolution
		{44A1E48B-5980-4509-BD87-5ABBAEC76BEB}.Debug|Any CPU.ActiveCfg = Debug|Any CPU
		{44A1E48B-5980-4509-BD87-5ABBAEC76BEB}.Debug|Any CPU.Build.0 = Debug|Any CPU
		{44A1E48B-5980-4509-BD87-5ABBAEC76BEB}.Release|Any CPU.ActiveCfg = Release|Any CPU
		{44A1E48B-5980-4509-BD87-5ABBAEC76BEB}.Release|Any CPU.Build.0 = Release|Any CPU
		{57721D23-09DD-4395-AD13-C9C32190011E}.Debug|Any CPU.ActiveCfg = Debug|Any CPU
		{57721D23-09DD-4395-AD13-C9C32190011E}.Debug|Any CPU.Build.0 = Debug|Any CPU
		{57721D23-09DD-4395-AD13-C9C32190011E}.Release|Any CPU.ActiveCfg = Release|Any CPU
		{57721D23-09DD-4395-AD13-C9C32190011E}.Release|Any CPU.Build.0 = Release|Any CPU
		{2BFA1A2C-DEC7-4E89-9C6F-5510A6363B4F}.Debug|Any CPU.ActiveCfg = Debug|Any CPU
		{2BFA1A2C-DEC7-4E89-9C6F-5510A6363B4F}.Debug|Any CPU.Build.0 = Debug|Any CPU
		{2BFA1A2C-DEC7-4E89-9C6F-5510A6363B4F}.Release|Any CPU.ActiveCfg = Release|Any CPU
		{2BFA1A2C-DEC7-4E89-9C6F-5510A6363B4F}.Release|Any CPU.Build.0 = Release|Any CPU
		{9B5A806E-FE16-401F-8460-DF24C79BB120}.Debug|Any CPU.ActiveCfg = Debug|Any CPU
		{9B5A806E-FE16-401F-8460-DF24C79BB120}.Debug|Any CPU.Build.0 = Debug|Any CPU
		{9B5A806E-FE16-401F-8460-DF24C79BB120}.Release|Any CPU.ActiveCfg = Release|Any CPU
		{9B5A806E-FE16-401F-8460-DF24C79BB120}.Release|Any CPU.Build.0 = Release|Any CPU
		{248DEDD1-34E5-45AE-9C72-27F212A66E0D}.Debug|Any CPU.ActiveCfg = Debug|Any CPU
		{248DEDD1-34E5-45AE-9C72-27F212A66E0D}.Debug|Any CPU.Build.0 = Debug|Any CPU
		{248DEDD1-34E5-45AE-9C72-27F212A66E0D}.Release|Any CPU.ActiveCfg = Release|Any CPU
		{248DEDD1-34E5-45AE-9C72-27F212A66E0D}.Release|Any CPU.Build.0 = Release|Any CPU
		{76C173C7-04CD-4298-9C87-E4AB7D409569}.Debug|Any CPU.ActiveCfg = Debug|Any CPU
		{76C173C7-04CD-4298-9C87-E4AB7D409569}.Debug|Any CPU.Build.0 = Debug|Any CPU
		{76C173C7-04CD-4298-9C87-E4AB7D409569}.Release|Any CPU.ActiveCfg = Release|Any CPU
		{76C173C7-04CD-4298-9C87-E4AB7D409569}.Release|Any CPU.Build.0 = Release|Any CPU
		{28B45252-D0B2-4D20-BFA4-844DE85A1F4C}.Debug|Any CPU.ActiveCfg = Debug|Any CPU
		{28B45252-D0B2-4D20-BFA4-844DE85A1F4C}.Debug|Any CPU.Build.0 = Debug|Any CPU
		{28B45252-D0B2-4D20-BFA4-844DE85A1F4C}.Release|Any CPU.ActiveCfg = Release|Any CPU
		{28B45252-D0B2-4D20-BFA4-844DE85A1F4C}.Release|Any CPU.Build.0 = Release|Any CPU
		{F52B470E-EFBC-49BA-9F80-02BC635EE18A}.Debug|Any CPU.ActiveCfg = Debug|Any CPU
		{F52B470E-EFBC-49BA-9F80-02BC635EE18A}.Debug|Any CPU.Build.0 = Debug|Any CPU
		{F52B470E-EFBC-49BA-9F80-02BC635EE18A}.Release|Any CPU.ActiveCfg = Release|Any CPU
		{F52B470E-EFBC-49BA-9F80-02BC635EE18A}.Release|Any CPU.Build.0 = Release|Any CPU
		{1A22B239-0169-4506-BB8D-1C1637AE5A6F}.Debug|Any CPU.ActiveCfg = Debug|Any CPU
		{1A22B239-0169-4506-BB8D-1C1637AE5A6F}.Debug|Any CPU.Build.0 = Debug|Any CPU
		{1A22B239-0169-4506-BB8D-1C1637AE5A6F}.Release|Any CPU.ActiveCfg = Release|Any CPU
		{1A22B239-0169-4506-BB8D-1C1637AE5A6F}.Release|Any CPU.Build.0 = Release|Any CPU
		{A2792E30-AEC6-4071-B4D7-93BAC48271C8}.Debug|Any CPU.ActiveCfg = Debug|Any CPU
		{A2792E30-AEC6-4071-B4D7-93BAC48271C8}.Debug|Any CPU.Build.0 = Debug|Any CPU
		{A2792E30-AEC6-4071-B4D7-93BAC48271C8}.Release|Any CPU.ActiveCfg = Release|Any CPU
		{A2792E30-AEC6-4071-B4D7-93BAC48271C8}.Release|Any CPU.Build.0 = Release|Any CPU
	EndGlobalSection
	GlobalSection(SolutionProperties) = preSolution
		HideSolutionNode = FALSE
	EndGlobalSection
	GlobalSection(ExtensibilityGlobals) = postSolution
		SolutionGuid = {3B1E3BCF-324C-4502-9961-375EBAE52CBA}
	EndGlobalSection
	GlobalSection(NestedProjects) = preSolution
		{57721D23-09DD-4395-AD13-C9C32190011E} = {0F6E08AF-CBAF-48A5-A492-2E906B317141}
		{9B5A806E-FE16-401F-8460-DF24C79BB120} = {0F6E08AF-CBAF-48A5-A492-2E906B317141}
		{44A1E48B-5980-4509-BD87-5ABBAEC76BEB} = {0F6E08AF-CBAF-48A5-A492-2E906B317141}
		{2BFA1A2C-DEC7-4E89-9C6F-5510A6363B4F} = {0F6E08AF-CBAF-48A5-A492-2E906B317141}
		{248DEDD1-34E5-45AE-9C72-27F212A66E0D} = {E8101700-3FF8-4840-BB59-179BF757155B}
		{76C173C7-04CD-4298-9C87-E4AB7D409569} = {0F6E08AF-CBAF-48A5-A492-2E906B317141}
		{28B45252-D0B2-4D20-BFA4-844DE85A1F4C} = {E8101700-3FF8-4840-BB59-179BF757155B}
		{F52B470E-EFBC-49BA-9F80-02BC635EE18A} = {E8101700-3FF8-4840-BB59-179BF757155B}
		{A2792E30-AEC6-4071-B4D7-93BAC48271C8} = {E8101700-3FF8-4840-BB59-179BF757155B}
		{1A22B239-0169-4506-BB8D-1C1637AE5A6F} = {E8101700-3FF8-4840-BB59-179BF757155B}
	EndGlobalSection
EndGlobal
